
Microsoft Visual Studio Solution File, Format Version 12.00
Project("{FAE04EC0-301F-11D3-BF4B-00C04F79EFBC}") = "PracaDomowa", "PracaDomowa\PracaDomowa.csproj", "{F291CB09-9323-4E19-A1B8-D6DC4AEEFE3C}"
EndProject
Global
	GlobalSection(SolutionConfigurationPlatforms) = preSolution
		Debug|Any CPU = Debug|Any CPU
		Release|Any CPU = Release|Any CPU
	EndGlobalSection
	GlobalSection(ProjectConfigurationPlatforms) = postSolution
		{F291CB09-9323-4E19-A1B8-D6DC4AEEFE3C}.Debug|Any CPU.ActiveCfg = Debug|Any CPU
		{F291CB09-9323-4E19-A1B8-D6DC4AEEFE3C}.Debug|Any CPU.Build.0 = Debug|Any CPU
		{F291CB09-9323-4E19-A1B8-D6DC4AEEFE3C}.Release|Any CPU.ActiveCfg = Release|Any CPU
		{F291CB09-9323-4E19-A1B8-D6DC4AEEFE3C}.Release|Any CPU.Build.0 = Release|Any CPU
	EndGlobalSection
EndGlobal
